confirmed_by_user: true
blocked_on_user: false
last_user_decision: "On 2026-04-01 the user chose `rescope_item_0001`, keeping implementation inside the current ENGINEER edit boundary and deferring required root-level workspace/config files from this item."
approved_exceptions:
  - "Direct Aurora access is allowed only in dev/PoC environments under DEC-009 guardrails"
  - "Browser UUID may be used as a temporary userId fallback only if Google OAuth is deferred during PoC setup"
approved_decisions:
  - "Use a full TypeScript stack: Nuxt 4 for UI plus server routes and AWS CDK in TypeScript"
  - "Project-specific architecture decisions override generic baton defaults: use Nuxt 4 instead of React/Next.js and prefer Google OAuth over Cognito for the PoC path"
  - "Target a monorepo baseline with a root workspace package manager setup, shared TypeScript config, and app code rooted at apps/web plus infra/cdk"
  - "Because the repo is currently empty, prefer npm workspaces as the simplest baseline unless a later item establishes a stronger reason to change package-manager strategy"
  - "Do not introduce a separate API service; backend logic stays in Nuxt server/api routes"
  - "Deploy the same application image per tenant with TENANT_ID injected by environment configuration"
  - "Use Aurora PostgreSQL Serverless v2 as the shared cluster with separate tenant vector schemas"
  - "Provision one Bedrock Agent and one Bedrock Knowledge Base per tenant for hard isolation"
  - "Target AWS deployment on ECS Fargate with secrets stored in Secrets Manager"
  - "PoC auth path is Google OAuth, with no-auth/browser UUID only as a fallback if explicitly deferred"
  - "Normalize the repo layout to a root workspace with apps/web for the Nuxt application and infra/cdk for the CDK application"
  - "The long-term repo shape still targets apps/web for the Nuxt application and infra/cdk for the CDK application, but ITEM-0001 must stay within the current ENGINEER edit boundary and therefore does not include root workspace normalization yet"
  - "ITEM-0001 is scaffold-only: create minimal in-scope app/config/runtime entrypoints under apps/web and placeholder stack wiring under infra/cdk, but defer chat, uploads, Aurora integration, Bedrock integration, root workspace/bootstrap files, and any production-grade infra implementation details"
  - "ITEM-0002 is the first application vertical and stays inside apps/web plus allowed baton files; do not reopen root workspace/bootstrap or infra expansion in this slice"
  - "For ITEM-0002, tenant scope must be derived from server-side runtime configuration/env and must not be accepted from client request input"
  - "For ITEM-0002, streaming responses must use the locked fetch POST plus ReadableStream pattern rather than EventSource"
  - "For ITEM-0002, session and message persistence should be implemented behind Aurora-compatible contracts so the slice can be validated without requiring full production Bedrock or infrastructure completion"
  - "For ITEM-0002, create only the minimum sessions and messages routes needed to support chat creation, message history reload, and streamed assistant replies"
  - "For ITEM-0002, a local or in-memory adapter is acceptable only if its interface and records remain Aurora-shaped, tenant-scoped, and replaceable by real persistence later"
  - "For ITEM-0002, any assistant implementation should sit behind a thin adapter boundary so Bedrock can replace the stub without rewriting route contracts"
  - "For ITEM-0002, uploads, file references, OAuth completion, migrations, and infra/resource wiring remain explicitly deferred"
