confirmed_by_user: true
blocked_on_user: false
last_user_decision: "On 2026-04-01 the user chose `rescope_item_0001`, keeping implementation inside the current ENGINEER edit boundary and deferring required root-level workspace/config files from this item."
approved_exceptions:
  - "Direct Aurora access is allowed only in dev/PoC environments under DEC-009 guardrails"
  - "Browser UUID may be used as a temporary userId fallback only if Google OAuth is deferred during PoC setup"
approved_decisions:
  - "Use a full TypeScript stack: Nuxt 4 for UI plus server routes and AWS CDK in TypeScript"
  - "Project-specific architecture decisions override generic baton defaults: use Nuxt 4 instead of React/Next.js and prefer Google OAuth over Cognito for the PoC path"
  - "Target a monorepo baseline with a root workspace package manager setup, shared TypeScript config, and app code rooted at apps/web plus infra/cdk"
  - "Because the repo is currently empty, prefer npm workspaces as the simplest baseline unless a later item establishes a stronger reason to change package-manager strategy"
  - "Do not introduce a separate API service; backend logic stays in Nuxt server/api routes"
  - "Deploy the same application image per tenant with TENANT_ID injected by environment configuration"
  - "Use Aurora PostgreSQL Serverless v2 as the shared cluster with separate tenant vector schemas"
  - "Provision one Bedrock Agent and one Bedrock Knowledge Base per tenant for hard isolation"
  - "Target AWS deployment on ECS Fargate with secrets stored in Secrets Manager"
  - "PoC auth path is Google OAuth, with no-auth/browser UUID only as a fallback if explicitly deferred"
  - "Normalize the repo layout to a root workspace with apps/web for the Nuxt application and infra/cdk for the CDK application"
  - "The long-term repo shape still targets apps/web for the Nuxt application and infra/cdk for the CDK application, but ITEM-0001 must stay within the current ENGINEER edit boundary and therefore does not include root workspace normalization yet"
  - "ITEM-0001 is scaffold-only: create minimal in-scope app/config/runtime entrypoints under apps/web and placeholder stack wiring under infra/cdk, but defer chat, uploads, Aurora integration, Bedrock integration, root workspace/bootstrap files, and any production-grade infra implementation details"
  - "ITEM-0002 is the first application vertical and stays inside apps/web plus allowed baton files; do not reopen root workspace/bootstrap or infra expansion in this slice"
  - "For ITEM-0002, tenant scope must be derived from server-side runtime configuration/env and must not be accepted from client request input"
  - "For ITEM-0002, streaming responses must use the locked fetch POST plus ReadableStream pattern rather than EventSource"
  - "For ITEM-0002, session and message persistence should be implemented behind Aurora-compatible contracts so the slice can be validated without requiring full production Bedrock or infrastructure completion"
  - "For ITEM-0002, create only the minimum sessions and messages routes needed to support chat creation, message history reload, and streamed assistant replies"
  - "For ITEM-0002, a local or in-memory adapter is acceptable only if its interface and records remain Aurora-shaped, tenant-scoped, and replaceable by real persistence later"
  - "For ITEM-0002, any assistant implementation should sit behind a thin adapter boundary so Bedrock can replace the stub without rewriting route contracts"
  - "For ITEM-0002, uploads, file references, OAuth completion, migrations, and infra/resource wiring remain explicitly deferred"
  - "ITEM-0002 implementation derives server tenant scope from runtimeConfig.tenantId, with public tenant config used only for display"
  - "ITEM-0002 streaming contract is SSE-style frames returned from POST /api/chat over a ReadableStream and consumed by fetch() on the client"
  - "ITEM-0002 persistence contract uses Aurora-shaped session and message records with tenant_id, user_id, session_id, timestamps, and citation metadata even when backed by a local adapter"
  - "ITEM-0003 stays inside apps/web plus allowed baton files; do not reopen infra delivery, root workspace/bootstrap work, or broader auth completion in this slice"
  - "For ITEM-0003, implement POST /api/files as a tenant-scoped multipart upload route that validates file count, per-file size, session-level file-count limits, and MIME type on the server before persisting any uploaded files"
  - "For ITEM-0003, limit supported upload types in this slice to the success-criteria document formats: PDF, DOCX, and TXT"
  - "For ITEM-0003, reject invalid upload requests without partial success semantics; if any file violates the slice constraints, the request should fail as a whole"
  - "For ITEM-0003, a local/dev object storage adapter is acceptable only if it preserves S3-shaped metadata and ownership fields so real S3 wiring can replace it later without changing route contracts"
  - "For ITEM-0003, persist Aurora-shaped session_file records including tenant_id, user_id, session_id, file_id, original_name, sanitized_name, content_type, size_bytes, storage key, status, and timestamps"
  - "For ITEM-0003, uploaded file ownership must be validated by tenantId, userId, and sessionId before fileIds can be attached to chat turns"
  - "For ITEM-0003, extend the existing chat contract only enough to accept fileIds, associate them with the saved user message when applicable, and expose bounded attachment context to the assistant stub for subsequent turns"
  - "For ITEM-0003, GET /api/sessions/:id/messages may include session-scoped file metadata and saved message attachment metadata so the UI can reload available attachments without adding a separate file-list route in this slice"
  - "For ITEM-0003, defer presigned download URLs, lifecycle cleanup jobs, virus scanning, and real Bedrock/S3/AWS resource wiring"
  - "For ITEM-0003, perform all request validation before persisting any file or metadata; invalid uploads fail atomically for the whole request rather than returning partial success"
  - "For ITEM-0003, use multipart/form-data for POST /api/files and derive tenant scope only from server runtime configuration, never from request fields, query params, or client headers"
  - "For ITEM-0003, the dev storage seam may keep file bytes locally or in process memory, but it must return an S3-shaped key following the intended ownership hierarchy so the contract can be swapped for real object storage later"
  - "For ITEM-0003, chat attachment context should stay bounded to a small recent set of ready files within the current session and should be passed to the assistant seam as metadata/source references, not as broad raw-byte hydration logic"
  - "ITEM-0004 primarily targets infra/cdk and replaces placeholder stack outputs with real PoC infrastructure definitions for SharedStack, TenantStack, and UIStack"
  - "For ITEM-0004, keep the deployment model locked to one shared Nuxt image in ECR with one ECS/Fargate service per tenant receiving deploy-time env/config for tenant identity"
  - "For ITEM-0004, SharedStack must provision the core shared platform baseline: VPC, ECS cluster, ALB, Aurora Serverless v2, Secrets Manager-backed database/admin secret handling, shared attachments bucket, ECR repository, and coherent shared log/parameter resources"
  - "For ITEM-0004, TenantStack must preserve hard tenant isolation by provisioning one tenant docs bucket, one Bedrock Knowledge Base, one Bedrock Agent plus alias, one tenant schema setup path, one ingestion scheduler, and tenant-scoped IAM/log resources per tenant"
  - "For ITEM-0004, UIStack must provision the per-tenant Nuxt SSR ECS service and ALB listener-rule wiring needed for the same-image-per-tenant contract, including deploy-time tenant env vars and secret-backed runtime config"
  - "For ITEM-0004, it is acceptable to use pragmatic PoC-level CDK constructs or custom-resource shims where AWS service coverage is awkward, but the named resource categories cannot remain placeholders or manual console steps"
  - "For ITEM-0004, keep application architecture unchanged: no separate API service, no Lambda application backend, and no client-controlled tenant routing shortcut"
  - "For ITEM-0004, root workspace/bootstrap normalization, CI/CD automation, production hardening, and broad operational tooling remain deferred unless a minimal in-scope file under apps/web or infra/cdk is required to make the CDK deployment contract coherent"
  - "For ITEM-0004, add a concrete in-repo tenant/environment configuration source so the CDK app can instantiate SharedStack once and TenantStack/UIStack per tenant without ad hoc context flags for the primary deploy path"
  - "For ITEM-0004, replace the existing placeholder-only stack outputs rather than layering new intent-only outputs beside them"
  - "For ITEM-0004, SharedStack owns shared platform primitives only; tenant Bedrock resources, tenant docs buckets, tenant schema/bootstrap resources, and tenant ECS services belong in the per-tenant stacks"
  - "For ITEM-0004, UIStack may depend on SharedStack and its corresponding TenantStack outputs, but must preserve one ECS service per tenant using the same application image with deploy-time tenant identity"
  - "For ITEM-0004, acceptable PoC shims include custom resources for Aurora schema/bootstrap work and awkward Bedrock coverage, but `cdk deploy --all` still needs a coherent end-to-end resource graph"
  - "For ITEM-0004, removing the hidden image-push prerequisite is more important than preserving a manual-tag flow: UIStack may build the shared Nuxt image from `apps/web` as a CDK container asset for PoC deployability, while SharedStack still provisions the explicit ECR repository for later promotion/CI wiring"
  - "Current ITEM-0004 revise scope is narrow: keep the accepted SharedStack, TenantStack, and UIStack design intact and fix only the shared Aurora app-schema DDL mismatch with the existing Nuxt persistence contract"
  - "For ITEM-0004, the shared `app` schema must align with `apps/web/server/utils/chat-store.ts`: sessions use primary key column `id`; messages use `id`, `tenant_id`, `session_id`, `user_id`, `role`, `content`, `citations`, `attached_files`, and `created_at`; session_files include both `storage_bucket` and `storage_key`"
  - "For ITEM-0004, schema alignment should preserve tenant/user ownership fields and compatible foreign-key references so the current Nuxt persistence records could map onto Aurora without contract translation"
  - "For ITEM-0004, do not use this revise pass to rename the app persistence contract, widen scope into app rewrites, replace the ordered-statement Aurora custom resource, or revisit the already-accepted scheduler/container-asset deploy-path decisions"
  - "ITEM-0005 is a validation slice: default to proving the accepted implementation against `ai/goal.yaml` success criteria and locked decisions before proposing any new implementation work"
  - "For ITEM-0005, validation must distinguish between locally proven behavior and external AWS/Bedrock behavior that cannot be exercised in the current environment; unresolved external proof gaps should be reported precisely rather than hand-waved"
  - "For ITEM-0005, tenant isolation evidence must cover runtime tenant configuration, session/message/file ownership enforcement, and the absence of cross-tenant leakage in persisted metadata or assistant response paths"
  - "For ITEM-0005, validate the current no-relevant-content assistant behavior against the PoC contract and call out any mismatch between the local stubbed seam and the eventual Bedrock-backed acceptance criterion"
  - "For ITEM-0005, keep the accepted implementation boundaries intact unless validation finds a concrete defect; do not reopen root workspace changes, auth expansion, separate services, or infra redesign during the validation pass"
  - "Current ITEM-0005 outcome is a narrow engineering revise pass, not acceptance: the local assistant seam still emits a synthetic grounded-looking stub response and citation instead of a limitation response when no real KB grounding exists"
  - "For the ITEM-0005 revise pass, preserve the existing tenant-scoped session/upload/message behavior and CDK package state; fix only the assistant fallback contract plus any minimal validation notes needed to prove it"
  - "For the ITEM-0005 revise pass, do not solve the fallback mismatch by inventing fake citations, widening scope into real Bedrock integration, or weakening the existing POST streaming contract"
  - "Current ITEM-0005 outcome remains a narrow engineering revise pass, not acceptance: follow-up chat turns in a session with uploaded files currently fail when `fileIds` are omitted, blocking the accepted subsequent-turn attachment path"
  - "For the current ITEM-0005 revise pass, preserve the fixed limitation-response fallback, runtime tenant derivation, ownership enforcement, and POST streaming contract; fix only the attachment lookup/validation behavior so later turns may omit `fileIds` without being rejected"
  - "ITEM-0005 is now locally accepted: follow-up chat turns may omit `fileIds` without being rejected, while explicit invalid file ownership checks still fail closed and the ungrounded assistant path still stores `citations: []`"
  - "Planner should treat ITEM-0005 as evidence-complete for local validation only; AWS deploy-time and Bedrock-grounding success criteria remain external proof gaps unless exercised against real infrastructure"
  - "Planner has now closed ITEM-0005 in the backlog; the next loop is closeout judgment on the accepted local evidence, not a new implementation slice"
  - "SENIOR_JUDGMENTAL_ENGINEER should either acknowledge backlog completion with explicit external AWS/Bedrock proof gaps or identify a concrete contradiction in the accepted local validation record"
  - "Closeout judgment accepts the current repository state as locally complete through ITEM-0005 and does not justify more engineering without a new scoped item or real-environment proof work"
  - "Any remaining gaps after ITEM-0005 are external proof gaps only: real AWS deployment, real Bedrock grounding/citations, and live managed-service behavior"
  - "Validator re-ran the current closeout proof on 2026-04-02 and found no contradiction in the accepted local evidence: apps/web still builds, infra/cdk still synthesizes, runtime tenant isolation still holds, ungrounded replies still persist citations: [], and follow-up turns may omit fileIds without reopening attachment ownership risk"
  - "Planner should preserve closeout posture after the latest validator handoff unless new contradictory evidence appears; the current next step remains final judgment rather than more implementation"
